// !$*UTF8*$!
{
	archiveVersion = 1;
	classes = {
	};
	objectVersion = 50;
	objects = {

/* Begin PBXBuildFile section */
		3C34B6C62141978800999A5C /* AppDelegate.swift in Sources */ = {isa = PBXBuildFile; fileRef = 3C34B6C52141978800999A5C /* AppDelegate.swift */; };
		3C34B6C82141978800999A5C /* ViewController.swift in Sources */ = {isa = PBXBuildFile; fileRef = 3C34B6C72141978800999A5C /* ViewController.swift */; };
		3C34B6CB2141978800999A5C /* Main.storyboard in Resources */ = {isa = PBXBuildFile; fileRef = 3C34B6C92141978800999A5C /* Main.storyboard */; };
		3C34B6CD2141978A00999A5C /* Assets.xcassets in Resources */ = {isa = PBXBuildFile; fileRef = 3C34B6CC2141978A00999A5C /* Assets.xcassets */; };
		3C34B6D02141978A00999A5C /* LaunchScreen.storyboard in Resources */ = {isa = PBXBuildFile; fileRef = 3C34B6CE2141978A00999A5C /* LaunchScreen.storyboard */; };
		3C34B6DB214198AB00999A5C /* GradientView.swift in Sources */ = {isa = PBXBuildFile; fileRef = 3C34B6DA214198AB00999A5C /* GradientView.swift */; };
		3C34B6DD21419A8300999A5C /* RoundedButton.swift in Sources */ = {isa = PBXBuildFile; fileRef = 3C34B6DC21419A8300999A5C /* RoundedButton.swift */; };
/* End PBXBuildFile section */

/* Begin PBXFileReference section */
		3C34B6C22141978800999A5C /* Treasure Hunt.app */ = {isa = PBXFileReference; explicitFileType = wrapper.application; includeInIndex = 0; path = "Treasure Hunt.app"; sourceTree = BUILT_PRODUCTS_DIR; };
		3C34B6C52141978800999A5C /* AppDelegate.swift */ = {isa = PBXFileReference; lastKnownFileType = sourcecode.swift; path = AppDelegate.swift; sourceTree = "<group>"; };
		3C34B6C72141978800999A5C /* ViewController.swift */ = {isa = PBXFileReference; lastKnownFileType = sourcecode.swift; path = ViewController.swift; sourceTree = "<group>"; };
		3C34B6CA2141978800999A5C /* Base */ = {isa = PBXFileReference; lastKnownFileType = file.storyboard; name = Base; path = Base.lproj/Main.storyboard; sourceTree = "<group>"; };
		3C34B6CC2141978A00999A5C /* Assets.xcassets */ = {isa = PBXFileReference; lastKnownFileType = folder.assetcatalog; path = Assets.xcassets; sourceTree = "<group>"; };
		3C34B6CF2141978A00999A5C /* Base */ = {isa = PBXFileReference; lastKnownFileType = file.storyboard; name = Base; path = Base.lproj/LaunchScreen.storyboard; sourceTree = "<group>"; };
		3C34B6D12141978A00999A5C /* Info.plist */ = {isa = PBXFileReference; lastKnownFileType = text.plist.xml; path = Info.plist; sourceTree = "<group>"; };
		3C34B6DA214198AB00999A5C /* GradientView.swift */ = {isa = PBXFileReference; lastKnownFileType = sourcecode.swift; path = GradientView.swift; sourceTree = "<group>"; };
		3C34B6DC21419A8300999A5C /* RoundedButton.swift */ = {isa = PBXFileReference; lastKnownFileType = sourcecode.swift; path = RoundedButton.swift; sourceTree = "<group>"; };
/* End PBXFileReference section */

/* Begin PBXFrameworksBuildPhase section */
		3C34B6BF2141978800999A5C /* Frameworks */ = {
			isa = PBXFrameworksBuildPhase;
			buildActionMask = 2147483647;
			files = (
			);
			runOnlyForDeploymentPostprocessing = 0;
		};
/* End PBXFrameworksBuildPhase section */

/* Begin PBXGroup section */
		3C34B6B92141978800999A5C = {
			isa = PBXGroup;
			children = (
				3C34B6C42141978800999A5C /* Treasure Hunt */,
				3C34B6C32141978800999A5C /* Products */,
			);
			sourceTree = "<group>";
		};
		3C34B6C32141978800999A5C /* Products */ = {
			isa = PBXGroup;
			children = (
				3C34B6C22141978800999A5C /* Treasure Hunt.app */,
			);
			name = Products;
			sourceTree = "<group>";
		};
		3C34B6C42141978800999A5C /* Treasure Hunt */ = {
			isa = PBXGroup;
			children = (
				3C34B6D72141981200999A5C /* View */,
				3C34B6C52141978800999A5C /* AppDelegate.swift */,
				3C34B6C72141978800999A5C /* ViewController.swift */,
				3C34B6C92141978800999A5C /* Main.storyboard */,
				3C34B6CC2141978A00999A5C /* Assets.xcassets */,
				3C34B6CE2141978A00999A5C /* LaunchScreen.storyboard */,
				3C34B6D12141978A00999A5C /* Info.plist */,
			);
			path = "Treasure Hunt";
			sourceTree = "<group>";
		};
		3C34B6D72141981200999A5C /* View */ = {
			isa = PBXGroup;
			children = (
				3C34B6DA214198AB00999A5C /* GradientView.swift */,
				3C34B6DC21419A8300999A5C /* RoundedButton.swift */,
			);
			path = View;
			sourceTree = "<group>";
		};
/* End PBXGroup section */

/* Begin PBXNativeTarget section */
		3C34B6C12141978800999A5C /* Treasure Hunt */ = {
			isa = PBXNativeTarget;
			buildConfigurationList = 3C34B6D42141978A00999A5C /* Build configuration list for PBXNativeTarget "Treasure Hunt" */;
			buildPhases = (
				3C34B6BE2141978800999A5C /* Sources */,
				3C34B6BF2141978800999A5C /* Frameworks */,
				3C34B6C02141978800999A5C /* Resources */,
			);
			buildRules = (
			);
			dependencies = (
			);
			name = "Treasure Hunt";
			productName = "Treasure Hunt";
			productReference = 3C34B6C22141978800999A5C /* Treasure Hunt.app */;
			productType = "com.apple.product-type.application";
		};
/* End PBXNativeTarget section */

/* Begin PBXProject section */
		3C34B6BA2141978800999A5C /* Project object */ = {
			isa = PBXProject;
			attributes = {
				LastSwiftUpdateCheck = 1000;
				LastUpgradeCheck = 1000;
				ORGANIZATIONNAME = "Ammar Waheed";
				TargetAttributes = {
					3C34B6C12141978800999A5C = {
						CreatedOnToolsVersion = 10.0;
					};
				};
			};
			buildConfigurationList = 3C34B6BD2141978800999A5C /* Build configuration list for PBXProject "Treasure Hunt" */;
			compatibilityVersion = "Xcode 9.3";
			developmentRegion = en;
			hasScannedForEncodings = 0;
			knownRegions = (
				en,
				Base,
			);
			mainGroup = 3C34B6B92141978800999A5C;
			productRefGroup = 3C34B6C32141978800999A5C /* Products */;
			projectDirPath = "";
			projectRoot = "";
			targets = (
				3C34B6C12141978800999A5C /* Treasure Hunt */,
			);
		};
/* End PBXProject section */

/* Begin PBXResourcesBuildPhase section */
		3C34B6C02141978800999A5C /* Resources */ = {
			isa = PBXResourcesBuildPhase;
			buildActionMask = 2147483647;
			files = (
				3C34B6D02141978A00999A5C /* LaunchScreen.storyboard in Resources */,
				3C34B6CD2141978A00999A5C /* Assets.xcassets in Resources */,
				3C34B6CB2141978800999A5C /* Main.storyboard in Resources */,
			);
			runOnlyForDeploymentPostprocessing = 0;
		};
/* End PBXResourcesBuildPhase section */

/* Begin PBXSourcesBuildPhase section */
		3C34B6BE2141978800999A5C /* Sources */ = {
			isa = PBXSourcesBuildPhase;
			buildActionMask = 2147483647;
			files = (
				3C34B6C82141978800999A5C /* ViewController.swift in Sources */,
				3C34B6C62141978800999A5C /* AppDelegate.swift in Sources */,
				3C34B6DB214198AB00999A5C /* GradientView.swift in Sources */,
				3C34B6DD21419A8300999A5C /* RoundedButton.swift in Sources */,
			);
			runOnlyForDeploymentPostprocessing = 0;
		};
/* End PBXSourcesBuildPhase section */

/* Begin PBXVariantGroup section */
		3C34B6C92141978800999A5C /* Main.storyboard */ = {
			isa = PBXVariantGroup;
			children = (
				3C34B6CA2141978800999A5C /* Base */,
			);
			name = Main.storyboard;
			sourceTree = "<group>";
		};
		3C34B6CE2141978A00999A5C /* LaunchScreen.storyboard */ = {
			isa = PBXVariantGroup;
			children = (
				3C34B6CF2141978A00999A5C /* Base */,
			);
			name = LaunchScreen.storyboard;
			sourceTree = "<group>";
		};
/* End PBXVariantGroup section */

/* Begin XCBuildConfiguration section */
		3C34B6D22141978A00999A5C /* Debug */ = {
			isa = XCBuildConfiguration;
			buildSettings = {
				ALWAYS_SEARCH_USER_PATHS = NO;
				CLANG_ANALYZER_NONNULL = YES;
				CLANG_ANALYZER_NUMBER_OBJECT_CONVERSION = YES_AGGRESSIVE;
				CLANG_CXX_LANGUAGE_STANDARD = "gnu++14";
				CLANG_CXX_LIBRARY = "libc++";
				CLANG_ENABLE_MODULES = YES;
				CLANG_ENABLE_OBJC_ARC = YES;
				CLANG_ENABLE_OBJC_WEAK = YES;
				CLANG_WARN_BLOCK_CAPTURE_AUTORELEASING = YES;
				CLANG_WARN_BOOL_CONVERSION = YES;
				CLANG_WARN_COMMA = YES;
				CLANG_WARN_CONSTANT_CONVERSION = YES;
				CLANG_WARN_DEPRECATED_OBJC_IMPLEMENTATIONS = YES;
				CLANG_WARN_DIRECT_OBJC_ISA_USAGE = YES_ERROR;
				CLANG_WARN_DOCUMENTATION_COMMENTS = YES;
				CLANG_WARN_EMPTY_BODY = YES;
				CLANG_WARN_ENUM_CONVERSION = YES;
				CLANG_WARN_INFINITE_RECURSION = YES;
				CLANG_WARN_INT_CONVERSION = YES;
				CLANG_WARN_NON_LITERAL_NULL_CONVERSION = YES;
				CLANG_WARN_OBJC_IMPLICIT_RETAIN_SELF = YES;
				CLANG_WARN_OBJC_LITERAL_CONVERSION = YES;
				CLANG_WARN_OBJC_ROOT_CLASS = YES_ERROR;
				CLANG_WARN_RANGE_LOOP_ANALYSIS = YES;
				CLANG_WARN_STRICT_PROTOTYPES = YES;
				CLANG_WARN_SUSPICIOUS_MOVE = YES;
				CLANG_WARN_UNGUARDED_AVAILABILITY = YES_AGGRESSIVE;
				CLANG_WARN_UNREACHABLE_CODE = YES;
				CLANG_WARN__DUPLICATE_METHOD_MATCH = YES;
				CODE_SIGN_IDENTITY = "iPhone Developer";
				COPY_PHASE_STRIP = NO;
				DEBUG_INFORMATION_FORMAT = dwarf;
				ENABLE_STRICT_OBJC_MSGSEND = YES;
				ENABLE_TESTABILITY = YES;
				GCC_C_LANGUAGE_STANDARD = gnu11;
				GCC_DYNAMIC_NO_PIC = NO;
				GCC_NO_COMMON_BLOCKS = YES;
				GCC_OPTIMIZATION_LEVEL = 0;
				GCC_PREPROCESSOR_DEFINITIONS = (
					"DEBUG=1",
					"$(inherited)",
				);
				GCC_WARN_64_TO_32_BIT_CONVERSION = YES;
				GCC_WARN_ABOUT_RETURN_TYPE = YES_ERROR;
				GCC_WARN_UNDECLARED_SELECTOR = YES;
				GCC_WARN_UNINITIALIZED_AUTOS = YES_AGGRESSIVE;
				GCC_WARN_UNUSED_FUNCTION = YES;
				GCC_WARN_UNUSED_VARIABLE = YES;
				IPHONEOS_DEPLOYMENT_TARGET = 12.0;
				MTL_ENABLE_DEBUG_INFO = INCLUDE_SOURCE;
				MTL_FAST_MATH = YES;
				ONLY_ACTIVE_ARCH = YES;
				SDKROOT = iphoneos;
				SWIFT_ACTIVE_COMPILATION_CONDITIONS = DEBUG;
				SWIFT_OPTIMIZATION_LEVEL = "-Onone";
			};
			name = Debug;
		};
		3C34B6D32141978A00999A5C /* Release */ = {
			isa = XCBuildConfiguration;
			buildSettings = {
				ALWAYS_SEARCH_USER_PATHS = NO;
				CLANG_ANALYZER_NONNULL = YES;
				CLANG_ANALYZER_NUMBER_OBJECT_CONVERSION = YES_AGGRESSIVE;
				CLANG_CXX_LANGUAGE_STANDARD = "gnu++14";
				CLANG_CXX_LIBRARY = "libc++";
				CLANG_ENABLE_MODULES = YES;
				CLANG_ENABLE_OBJC_ARC = YES;
				CLANG_ENABLE_OBJC_WEAK = YES;
				CLANG_WARN_BLOCK_CAPTURE_AUTORELEASING = YES;
				CLANG_WARN_BOOL_CONVERSION = YES;
				CLANG_WARN_COMMA = YES;
				CLANG_WARN_CONSTANT_CONVERSION = YES;
				CLANG_WARN_DEPRECATED_OBJC_IMPLEMENTATIONS = YES;
				CLANG_WARN_DIRECT_OBJC_ISA_USAGE = YES_ERROR;
				CLANG_WARN_DOCUMENTATION_COMMENTS = YES;
				CLANG_WARN_EMPTY_BODY = YES;
				CLANG_WARN_ENUM_CONVERSION = YES;
				CLANG_WARN_INFINITE_RECURSION = YES;
				CLANG_WARN_INT_CONVERSION = YES;
				CLANG_WARN_NON_LITERAL_NULL_CONVERSION = YES;
				CLANG_WARN_OBJC_IMPLICIT_RETAIN_SELF = YES;
				CLANG_WARN_OBJC_LITERAL_CONVERSION = YES;
				CLANG_WARN_OBJC_ROOT_CLASS = YES_ERROR;
				CLANG_WARN_RANGE_LOOP_ANALYSIS = YES;
				CLANG_WARN_STRICT_PROTOTYPES = YES;
				CLANG_WARN_SUSPICIOUS_MOVE = YES;
				CLANG_WARN_UNGUARDED_AVAILABILITY = YES_AGGRESSIVE;
				CLANG_WARN_UNREACHABLE_CODE = YES;
				CLANG_WARN__DUPLICATE_METHOD_MATCH = YES;
				CODE_SIGN_IDENTITY = "iPhone Developer";
				COPY_PHASE_STRIP = NO;
				DEBUG_INFORMATION_FORMAT = "dwarf-with-dsym";
				ENABLE_NS_ASSERTIONS = NO;
				ENABLE_STRICT_OBJC_MSGSEND = YES;
				GCC_C_LANGUAGE_STANDARD = gnu11;
				GCC_NO_COMMON_BLOCKS = YES;
				GCC_WARN_64_TO_32_BIT_CONVERSION = YES;
				GCC_WARN_ABOUT_RETURN_TYPE = YES_ERROR;
				GCC_WARN_UNDECLARED_SELECTOR = YES;
				GCC_WARN_UNINITIALIZED_AUTOS = YES_AGGRESSIVE;
				GCC_WARN_UNUSED_FUNCTION = YES;
				GCC_WARN_UNUSED_VARIABLE = YES;
				IPHONEOS_DEPLOYMENT_TARGET = 12.0;
				MTL_ENABLE_DEBUG_INFO = NO;
				MTL_FAST_MATH = YES;
				SDKROOT = iphoneos;
				SWIFT_COMPILATION_MODE = wholemodule;
				SWIFT_OPTIMIZATION_LEVEL = "-O";
				VALIDATE_PRODUCT = YES;
			};
			name = Release;
		};
		3C34B6D52141978A00999A5C /* Debug */ = {
			isa = XCBuildConfiguration;
			buildSettings = {
				ASSETCATALOG_COMPILER_APPICON_NAME = AppIcon;
				CODE_SIGN_STYLE = Automatic;
				DEVELOPMENT_TEAM = AQ43383N28;
				INFOPLIST_FILE = "Treasure Hunt/Info.plist";
				LD_RUNPATH_SEARCH_PATHS = (
					"$(inherited)",
					"@executable_path/Frameworks",
				);
				PRODUCT_BUNDLE_IDENTIFIER = "dnd.Treasure-Hunt";
				PRODUCT_NAME = "$(TARGET_NAME)";
				SWIFT_VERSION = 4.2;
				TARGETED_DEVICE_FAMILY = "1,2";
			};
			name = Debug;
		};
		3C34B6D62141978A00999A5C /* Release */ = {
			isa = XCBuildConfiguration;
			buildSettings = {
				ASSETCATALOG_COMPILER_APPICON_NAME = AppIcon;
				CODE_SIGN_STYLE = Automatic;
				DEVELOPMENT_TEAM = AQ43383N28;
				INFOPLIST_FILE = "Treasure Hunt/Info.plist";
				LD_RUNPATH_SEARCH_PATHS = (
					"$(inherited)",
					"@executable_path/Frameworks",
				);
				PRODUCT_BUNDLE_IDENTIFIER = "dnd.Treasure-Hunt";
				PRODUCT_NAME = "$(TARGET_NAME)";
				SWIFT_VERSION = 4.2;
				TARGETED_DEVICE_FAMILY = "1,2";
			};
			name = Release;
		};
/* End XCBuildConfiguration section */

/* Begin XCConfigurationList section */
		3C34B6BD2141978800999A5C /* Build configuration list for PBXProject "Treasure Hunt" */ = {
			isa = XCConfigurationList;
			buildConfigurations = (
				3C34B6D22141978A00999A5C /* Debug */,
				3C34B6D32141978A00999A5C /* Release */,
			);
			defaultConfigurationIsVisible = 0;
			defaultConfigurationName = Release;
		};
		3C34B6D42141978A00999A5C /* Build configuration list for PBXNativeTarget "Treasure Hunt" */ = {
			isa = XCConfigurationList;
			buildConfigurations = (
				3C34B6D52141978A00999A5C /* Debug */,
				3C34B6D62141978A00999A5C /* Release */,
			);
			defaultConfigurationIsVisible = 0;
			defaultConfigurationName = Release;
		};
/* End XCConfigurationList section */
	};
	rootObject = 3C34B6BA2141978800999A5C /* Project object */;
}
